
Microsoft Visual Studio Solution File, Format Version 12.00
# Visual Studio Version 17
VisualStudioVersion = 17.5.33502.453
MinimumVisualStudioVersion = 10.0.40219.1
Project("{9A19103F-16F7-4668-BE54-9A1E7A4F7556}") = "SuggestionAppUI", "SuggestionAppUI\SuggestionAppUI.csproj", "{5616C2C9-DAD9-4B90-B8C4-DEE68ECC92BE}"
EndProject
Project("{9A19103F-16F7-4668-BE54-9A1E7A4F7556}") = "SuggestionAppLibrary", "SuggestionAppLibrary\SuggestionAppLibrary.csproj", "{2576452C-A16F-460E-B26C-F3277F904598}"
EndProject
Global
	GlobalSection(SolutionConfigurationPlatforms) = preSolution
		Debug|Any CPU = Debug|Any CPU
		Release|Any CPU = Release|Any CPU
	EndGlobalSection
	GlobalSection(ProjectConfigurationPlatforms) = postSolution
		{5616C2C9-DAD9-4B90-B8C4-DEE68ECC92BE}.Debug|Any CPU.ActiveCfg = Debug|Any CPU
		{5616C2C9-DAD9-4B90-B8C4-DEE68ECC92BE}.Debug|Any CPU.Build.0 = Debug|Any CPU
		{5616C2C9-DAD9-4B90-B8C4-DEE68ECC92BE}.Release|Any CPU.ActiveCfg = Release|Any CPU
		{5616C2C9-DAD9-4B90-B8C4-DEE68ECC92BE}.Release|Any CPU.Build.0 = Release|Any CPU
		{2576452C-A16F-460E-B26C-F3277F904598}.Debug|Any CPU.ActiveCfg = Debug|Any CPU
		{2576452C-A16F-460E-B26C-F3277F904598}.Debug|Any CPU.Build.0 = Debug|Any CPU
		{2576452C-A16F-460E-B26C-F3277F904598}.Release|Any CPU.ActiveCfg = Release|Any CPU
		{2576452C-A16F-460E-B26C-F3277F904598}.Release|Any CPU.Build.0 = Release|Any CPU
	EndGlobalSection
	GlobalSection(SolutionProperties) = preSolution
		HideSolutionNode = FALSE
	EndGlobalSection
	GlobalSection(ExtensibilityGlobals) = postSolution
		SolutionGuid = {D8ADFB1C-F62F-4947-A986-64883B8FC623}
	EndGlobalSection
EndGlobal
